
Microsoft Visual Studio Solution File, Format Version 12.00
# Visual Studio Version 17
VisualStudioVersion = 17.10.35013.160
MinimumVisualStudioVersion = 10.0.40219.1
Project("{FAE04EC0-301F-11D3-BF4B-00C04F79EFBC}") = "p2pDragAndrop", "p2pDragAndrop.csproj", "{025A0BCC-AE29-46FD-91BD-A46DF724C5CA}"
EndProject
Global
	GlobalSection(SolutionConfigurationPlatforms) = preSolution
		Debug|Any CPU = Debug|Any CPU
		Release|Any CPU = Release|Any CPU
	EndGlobalSection
	GlobalSection(ProjectConfigurationPlatforms) = postSolution
		{025A0BCC-AE29-46FD-91BD-A46DF724C5CA}.Debug|Any CPU.ActiveCfg = Debug|Any CPU
		{025A0BCC-AE29-46FD-91BD-A46DF724C5CA}.Debug|Any CPU.Build.0 = Debug|Any CPU
		{025A0BCC-AE29-46FD-91BD-A46DF724C5CA}.Release|Any CPU.ActiveCfg = Release|Any CPU
		{025A0BCC-AE29-46FD-91BD-A46DF724C5CA}.Release|Any CPU.Build.0 = Release|Any CPU
	EndGlobalSection
	GlobalSection(SolutionProperties) = preSolution
		HideSolutionNode = FALSE
	EndGlobalSection
	GlobalSection(ExtensibilityGlobals) = postSolution
		SolutionGuid = {E7E5BA8E-1840-4A85-91C4-6FD8DAAB631D}
	EndGlobalSection
EndGlobal
